
Microsoft Visual Studio Solution File, Format Version 12.00
Project("{FAE04EC0-301F-11D3-BF4B-00C04F79EFBC}") = "CrudExample", "CrudExample\CrudExample.csproj", "{7DBB9B50-E268-4DB7-BDDA-A5E823467250}"
EndProject
Project("{FAE04EC0-301F-11D3-BF4B-00C04F79EFBC}") = "CrudTests", "CrudTests\CrudTests.csproj", "{3CE41824-C6B8-46C6-8792-F0CC40E3290A}"
EndProject
Global
	GlobalSection(SolutionConfigurationPlatforms) = preSolution
		Debug|Any CPU = Debug|Any CPU
		Release|Any CPU = Release|Any CPU
	EndGlobalSection
	GlobalSection(ProjectConfigurationPlatforms) = postSolution
		{7DBB9B50-E268-4DB7-BDDA-A5E823467250}.Debug|Any CPU.ActiveCfg = Debug|Any CPU
		{7DBB9B50-E268-4DB7-BDDA-A5E823467250}.Debug|Any CPU.Build.0 = Debug|Any CPU
		{7DBB9B50-E268-4DB7-BDDA-A5E823467250}.Release|Any CPU.ActiveCfg = Release|Any CPU
		{7DBB9B50-E268-4DB7-BDDA-A5E823467250}.Release|Any CPU.Build.0 = Release|Any CPU
		{3CE41824-C6B8-46C6-8792-F0CC40E3290A}.Debug|Any CPU.ActiveCfg = Debug|Any CPU
		{3CE41824-C6B8-46C6-8792-F0CC40E3290A}.Debug|Any CPU.Build.0 = Debug|Any CPU
		{3CE41824-C6B8-46C6-8792-F0CC40E3290A}.Release|Any CPU.ActiveCfg = Release|Any CPU
		{3CE41824-C6B8-46C6-8792-F0CC40E3290A}.Release|Any CPU.Build.0 = Release|Any CPU
	EndGlobalSection
EndGlobal
