
Microsoft Visual Studio Solution File, Format Version 12.00
Project("{FAE04EC0-301F-11D3-BF4B-00C04F79EFBC}") = "CrudExample", "CrudExample\CrudExample.csproj", "{7DBB9B50-E268-4DB7-BDDA-A5E823467250}"
EndProject
Project("{FAE04EC0-301F-11D3-BF4B-00C04F79EFBC}") = "CrudTests", "CrudTests\CrudTests.csproj", "{3CE41824-C6B8-46C6-8792-F0CC40E3290A}"
EndProject
Project("{FAE04EC0-301F-11D3-BF4B-00C04F79EFBC}") = "Entities", "Entities\Entities.csproj", "{9680A18F-41D9-4C16-838B-710F1FE18CC3}"
EndProject
Project("{FAE04EC0-301F-11D3-BF4B-00C04F79EFBC}") = "ServiceContracts", "ServiceContracts\ServiceContracts.csproj", "{758E8A87-705D-4C36-90A1-03A8AB6B23CA}"
	ProjectSection(ProjectDependencies) = postProject
		{9680A18F-41D9-4C16-838B-710F1FE18CC3} = {9680A18F-41D9-4C16-838B-710F1FE18CC3}
	EndProjectSection
EndProject
Project("{FAE04EC0-301F-11D3-BF4B-00C04F79EFBC}") = "Services", "Services\Services.csproj", "{51A631E6-1674-42F8-A810-530083E00B4E}"
	ProjectSection(ProjectDependencies) = postProject
		{758E8A87-705D-4C36-90A1-03A8AB6B23CA} = {758E8A87-705D-4C36-90A1-03A8AB6B23CA}
	EndProjectSection
EndProject
Global
	GlobalSection(SolutionConfigurationPlatforms) = preSolution
		Debug|Any CPU = Debug|Any CPU
		Release|Any CPU = Release|Any CPU
	EndGlobalSection
	GlobalSection(ProjectConfigurationPlatforms) = postSolution
		{7DBB9B50-E268-4DB7-BDDA-A5E823467250}.Debug|Any CPU.ActiveCfg = Debug|Any CPU
		{7DBB9B50-E268-4DB7-BDDA-A5E823467250}.Debug|Any CPU.Build.0 = Debug|Any CPU
		{7DBB9B50-E268-4DB7-BDDA-A5E823467250}.Release|Any CPU.ActiveCfg = Release|Any CPU
		{7DBB9B50-E268-4DB7-BDDA-A5E823467250}.Release|Any CPU.Build.0 = Release|Any CPU
		{3CE41824-C6B8-46C6-8792-F0CC40E3290A}.Debug|Any CPU.ActiveCfg = Debug|Any CPU
		{3CE41824-C6B8-46C6-8792-F0CC40E3290A}.Debug|Any CPU.Build.0 = Debug|Any CPU
		{3CE41824-C6B8-46C6-8792-F0CC40E3290A}.Release|Any CPU.ActiveCfg = Release|Any CPU
		{3CE41824-C6B8-46C6-8792-F0CC40E3290A}.Release|Any CPU.Build.0 = Release|Any CPU
		{9680A18F-41D9-4C16-838B-710F1FE18CC3}.Debug|Any CPU.ActiveCfg = Debug|Any CPU
		{9680A18F-41D9-4C16-838B-710F1FE18CC3}.Debug|Any CPU.Build.0 = Debug|Any CPU
		{9680A18F-41D9-4C16-838B-710F1FE18CC3}.Release|Any CPU.ActiveCfg = Release|Any CPU
		{9680A18F-41D9-4C16-838B-710F1FE18CC3}.Release|Any CPU.Build.0 = Release|Any CPU
		{758E8A87-705D-4C36-90A1-03A8AB6B23CA}.Debug|Any CPU.ActiveCfg = Debug|Any CPU
		{758E8A87-705D-4C36-90A1-03A8AB6B23CA}.Debug|Any CPU.Build.0 = Debug|Any CPU
		{758E8A87-705D-4C36-90A1-03A8AB6B23CA}.Release|Any CPU.ActiveCfg = Release|Any CPU
		{758E8A87-705D-4C36-90A1-03A8AB6B23CA}.Release|Any CPU.Build.0 = Release|Any CPU
		{51A631E6-1674-42F8-A810-530083E00B4E}.Debug|Any CPU.ActiveCfg = Debug|Any CPU
		{51A631E6-1674-42F8-A810-530083E00B4E}.Debug|Any CPU.Build.0 = Debug|Any CPU
		{51A631E6-1674-42F8-A810-530083E00B4E}.Release|Any CPU.ActiveCfg = Release|Any CPU
		{51A631E6-1674-42F8-A810-530083E00B4E}.Release|Any CPU.Build.0 = Release|Any CPU
	EndGlobalSection
EndGlobal
